
Microsoft Visual Studio Solution File, Format Version 12.00
# Visual Studio 15
Project("{FAE04EC0-301F-11D3-BF4B-00C04F79EFBC}") = "Assembly-CSharp", "Assembly-CSharp.csproj", "{B0C06564-D6C8-ED45-7261-A85A32B1A9F9}"
EndProject
Project("{FAE04EC0-301F-11D3-BF4B-00C04F79EFBC}") = "Assembly-CSharp-Editor", "Assembly-CSharp-Editor.csproj", "{1446D5C1-98C6-C05D-25A1-0FCD345B7550}"
EndProject
Global
	GlobalSection(SolutionConfigurationPlatforms) = preSolution
		Debug|Any CPU = Debug|Any CPU
		Release|Any CPU = Release|Any CPU
	EndGlobalSection
	GlobalSection(ProjectConfigurationPlatforms) = postSolution
		{B0C06564-D6C8-ED45-7261-A85A32B1A9F9}.Debug|Any CPU.ActiveCfg = Debug|Any CPU
		{B0C06564-D6C8-ED45-7261-A85A32B1A9F9}.Debug|Any CPU.Build.0 = Debug|Any CPU
		{B0C06564-D6C8-ED45-7261-A85A32B1A9F9}.Release|Any CPU.ActiveCfg = Release|Any CPU
		{B0C06564-D6C8-ED45-7261-A85A32B1A9F9}.Release|Any CPU.Build.0 = Release|Any CPU
		{1446D5C1-98C6-C05D-25A1-0FCD345B7550}.Debug|Any CPU.ActiveCfg = Debug|Any CPU
		{1446D5C1-98C6-C05D-25A1-0FCD345B7550}.Debug|Any CPU.Build.0 = Debug|Any CPU
		{1446D5C1-98C6-C05D-25A1-0FCD345B7550}.Release|Any CPU.ActiveCfg = Release|Any CPU
		{1446D5C1-98C6-C05D-25A1-0FCD345B7550}.Release|Any CPU.Build.0 = Release|Any CPU
	EndGlobalSection
	GlobalSection(SolutionProperties) = preSolution
		HideSolutionNode = FALSE
	EndGlobalSection
EndGlobal
